// !$*UTF8*$!
{
	archiveVersion = 1;
	classes = {
	};
	objectVersion = 50;
	objects = {

/* Begin PBXBuildFile section */
		221A6D6E948EF1AA68D60ADE /* Pods_BlueToothProjectUITests.framework in Frameworks */ = {isa = PBXBuildFile; fileRef = 399230C4C17A6F9ABA31DA81 /* Pods_BlueToothProjectUITests.framework */; };
		B32B32E52179E9970049633D /* ChatListTableViewController.swift in Sources */ = {isa = PBXBuildFile; fileRef = B32B32E42179E9970049633D /* ChatListTableViewController.swift */; };
		B32B32E72179E9F30049633D /* ChatRoom.swift in Sources */ = {isa = PBXBuildFile; fileRef = B32B32E62179E9F30049633D /* ChatRoom.swift */; };
		B32B32E92179EA0E0049633D /* ChatListTableViewCell.swift in Sources */ = {isa = PBXBuildFile; fileRef = B32B32E82179EA0E0049633D /* ChatListTableViewCell.swift */; };
		B32B32EB2179EA6E0049633D /* ChatBubbleCollectionViewCell.swift in Sources */ = {isa = PBXBuildFile; fileRef = B32B32EA2179EA6E0049633D /* ChatBubbleCollectionViewCell.swift */; };
		B32B32ED2179EAA10049633D /* ChatViewController.swift in Sources */ = {isa = PBXBuildFile; fileRef = B32B32EC2179EAA10049633D /* ChatViewController.swift */; };
		B32B32FA217ACA470049633D /* BlueToothConnectingViewController.swift in Sources */ = {isa = PBXBuildFile; fileRef = B32B32F9217ACA470049633D /* BlueToothConnectingViewController.swift */; };
		B32B3301217ACBBF0049633D /* UIDotLoadingIndicator.swift in Sources */ = {isa = PBXBuildFile; fileRef = B32B32FE217ACBBE0049633D /* UIDotLoadingIndicator.swift */; };
		B32B3302217ACBBF0049633D /* AJDotLoadingView.xib in Resources */ = {isa = PBXBuildFile; fileRef = B32B32FF217ACBBF0049633D /* AJDotLoadingView.xib */; };
		B32B3303217ACBBF0049633D /* AJDotLoadingView.swift in Sources */ = {isa = PBXBuildFile; fileRef = B32B3300217ACBBF0049633D /* AJDotLoadingView.swift */; };
		B32B3306217ACBDA0049633D /* UIViewHelper.swift in Sources */ = {isa = PBXBuildFile; fileRef = B32B3305217ACBDA0049633D /* UIViewHelper.swift */; };
		B352A9632171D93800EDF119 /* BlueToothManager.swift in Sources */ = {isa = PBXBuildFile; fileRef = B352A9622171D93800EDF119 /* BlueToothManager.swift */; };
		B352A9662174BE7200EDF119 /* SocketManager.swift in Sources */ = {isa = PBXBuildFile; fileRef = B352A9652174BE7200EDF119 /* SocketManager.swift */; };
		B352A968217561AF00EDF119 /* LoginViewController.swift in Sources */ = {isa = PBXBuildFile; fileRef = B352A967217561AF00EDF119 /* LoginViewController.swift */; };
		B352A96A2175689000EDF119 /* MainTabBarController.swift in Sources */ = {isa = PBXBuildFile; fileRef = B352A9692175689000EDF119 /* MainTabBarController.swift */; };
		B363F3F921399CB9001935EF /* BlueToothPeripheralTableViewCell.swift in Sources */ = {isa = PBXBuildFile; fileRef = B363F3F821399CB9001935EF /* BlueToothPeripheralTableViewCell.swift */; };
		B363F3FB2139A44B001935EF /* ConnectedBlueToothViewController.swift in Sources */ = {isa = PBXBuildFile; fileRef = B363F3FA2139A44B001935EF /* ConnectedBlueToothViewController.swift */; };
		B3660926212701BC0046846E /* AppDelegate.swift in Sources */ = {isa = PBXBuildFile; fileRef = B3660925212701BC0046846E /* AppDelegate.swift */; };
		B3660928212701BC0046846E /* BlueToothSearchingTableViewController.swift in Sources */ = {isa = PBXBuildFile; fileRef = B3660927212701BC0046846E /* BlueToothSearchingTableViewController.swift */; };
		B366092B212701BC0046846E /* Main.storyboard in Resources */ = {isa = PBXBuildFile; fileRef = B3660929212701BC0046846E /* Main.storyboard */; };
		B366092D212701BE0046846E /* Assets.xcassets in Resources */ = {isa = PBXBuildFile; fileRef = B366092C212701BE0046846E /* Assets.xcassets */; };
		B3660930212701BE0046846E /* LaunchScreen.storyboard in Resources */ = {isa = PBXBuildFile; fileRef = B366092E212701BE0046846E /* LaunchScreen.storyboard */; };
		B366093B212701BE0046846E /* BlueToothProjectTests.swift in Sources */ = {isa = PBXBuildFile; fileRef = B366093A212701BE0046846E /* BlueToothProjectTests.swift */; };
		B3660946212701BE0046846E /* BlueToothProjectUITests.swift in Sources */ = {isa = PBXBuildFile; fileRef = B3660945212701BE0046846E /* BlueToothProjectUITests.swift */; };
		B3B7D630213999EB004BFF49 /* GoogleService-Info.plist in Resources */ = {isa = PBXBuildFile; fileRef = B3B7D62F213999EB004BFF49 /* GoogleService-Info.plist */; };
		BD6CF631A7D3CB2A3A5ECDC8 /* Pods_BlueToothProject.framework in Frameworks */ = {isa = PBXBuildFile; fileRef = BD92EEC2F4956F55496A2ED9 /* Pods_BlueToothProject.framework */; };
		C65E540CF5CE244F58123B85 /* Pods_BlueToothProjectTests.framework in Frameworks */ = {isa = PBXBuildFile; fileRef = 37F613700414B667969E0633 /* Pods_BlueToothProjectTests.framework */; };
/* End PBXBuildFile section */

/* Begin PBXContainerItemProxy section */
		B3660937212701BE0046846E /* PBXContainerItemProxy */ = {
			isa = PBXContainerItemProxy;
			containerPortal = B366091A212701BC0046846E /* Project object */;
			proxyType = 1;
			remoteGlobalIDString = B3660921212701BC0046846E;
			remoteInfo = BlueToothProject;
		};
		B3660942212701BE0046846E /* PBXContainerItemProxy */ = {
			isa = PBXContainerItemProxy;
			containerPortal = B366091A212701BC0046846E /* Project object */;
			proxyType = 1;
			remoteGlobalIDString = B3660921212701BC0046846E;
			remoteInfo = BlueToothProject;
		};
/* End PBXContainerItemProxy section */

/* Begin PBXFileReference section */
		0A7BCEA3E88EF632E285CB1C /* Pods-BlueToothProject.release.xcconfig */ = {isa = PBXFileReference; includeInIndex = 1; lastKnownFileType = text.xcconfig; name = "Pods-BlueToothProject.release.xcconfig"; path = "Pods/Target Support Files/Pods-BlueToothProject/Pods-BlueToothProject.release.xcconfig"; sourceTree = "<group>"; };
		37F613700414B667969E0633 /* Pods_BlueToothProjectTests.framework */ = {isa = PBXFileReference; explicitFileType = wrapper.framework; includeInIndex = 0; path = Pods_BlueToothProjectTests.framework; sourceTree = BUILT_PRODUCTS_DIR; };
		399230C4C17A6F9ABA31DA81 /* Pods_BlueToothProjectUITests.framework */ = {isa = PBXFileReference; explicitFileType = wrapper.framework; includeInIndex = 0; path = Pods_BlueToothProjectUITests.framework; sourceTree = BUILT_PRODUCTS_DIR; };
		60951A1E19AE18F9BD2E8C54 /* Pods-BlueToothProjectUITests.release.xcconfig */ = {isa = PBXFileReference; includeInIndex = 1; lastKnownFileType = text.xcconfig; name = "Pods-BlueToothProjectUITests.release.xcconfig"; path = "Pods/Target Support Files/Pods-BlueToothProjectUITests/Pods-BlueToothProjectUITests.release.xcconfig"; sourceTree = "<group>"; };
		71E926968EE4FDEEE90E2034 /* Pods-BlueToothProjectTests.release.xcconfig */ = {isa = PBXFileReference; includeInIndex = 1; lastKnownFileType = text.xcconfig; name = "Pods-BlueToothProjectTests.release.xcconfig"; path = "Pods/Target Support Files/Pods-BlueToothProjectTests/Pods-BlueToothProjectTests.release.xcconfig"; sourceTree = "<group>"; };
		B32B32E42179E9970049633D /* ChatListTableViewController.swift */ = {isa = PBXFileReference; fileEncoding = 4; lastKnownFileType = sourcecode.swift; path = ChatListTableViewController.swift; sourceTree = "<group>"; };
		B32B32E62179E9F30049633D /* ChatRoom.swift */ = {isa = PBXFileReference; fileEncoding = 4; lastKnownFileType = sourcecode.swift; path = ChatRoom.swift; sourceTree = "<group>"; };
		B32B32E82179EA0E0049633D /* ChatListTableViewCell.swift */ = {isa = PBXFileReference; fileEncoding = 4; lastKnownFileType = sourcecode.swift; path = ChatListTableViewCell.swift; sourceTree = "<group>"; };
		B32B32EA2179EA6E0049633D /* ChatBubbleCollectionViewCell.swift */ = {isa = PBXFileReference; fileEncoding = 4; lastKnownFileType = sourcecode.swift; path = ChatBubbleCollectionViewCell.swift; sourceTree = "<group>"; };
		B32B32EC2179EAA10049633D /* ChatViewController.swift */ = {isa = PBXFileReference; fileEncoding = 4; lastKnownFileType = sourcecode.swift; path = ChatViewController.swift; sourceTree = "<group>"; };
		B32B32F9217ACA470049633D /* BlueToothConnectingViewController.swift */ = {isa = PBXFileReference; lastKnownFileType = sourcecode.swift; path = BlueToothConnectingViewController.swift; sourceTree = "<group>"; };
		B32B32FE217ACBBE0049633D /* UIDotLoadingIndicator.swift */ = {isa = PBXFileReference; fileEncoding = 4; lastKnownFileType = sourcecode.swift; path = UIDotLoadingIndicator.swift; sourceTree = "<group>"; };
		B32B32FF217ACBBF0049633D /* AJDotLoadingView.xib */ = {isa = PBXFileReference; fileEncoding = 4; lastKnownFileType = file.xib; path = AJDotLoadingView.xib; sourceTree = "<group>"; };
		B32B3300217ACBBF0049633D /* AJDotLoadingView.swift */ = {isa = PBXFileReference; fileEncoding = 4; lastKnownFileType = sourcecode.swift; path = AJDotLoadingView.swift; sourceTree = "<group>"; };
		B32B3305217ACBDA0049633D /* UIViewHelper.swift */ = {isa = PBXFileReference; lastKnownFileType = sourcecode.swift; path = UIViewHelper.swift; sourceTree = "<group>"; };
		B352A9622171D93800EDF119 /* BlueToothManager.swift */ = {isa = PBXFileReference; lastKnownFileType = sourcecode.swift; path = BlueToothManager.swift; sourceTree = "<group>"; };
		B352A9652174BE7200EDF119 /* SocketManager.swift */ = {isa = PBXFileReference; lastKnownFileType = sourcecode.swift; path = SocketManager.swift; sourceTree = "<group>"; };
		B352A967217561AF00EDF119 /* LoginViewController.swift */ = {isa = PBXFileReference; lastKnownFileType = sourcecode.swift; path = LoginViewController.swift; sourceTree = "<group>"; };
		B352A9692175689000EDF119 /* MainTabBarController.swift */ = {isa = PBXFileReference; lastKnownFileType = sourcecode.swift; path = MainTabBarController.swift; sourceTree = "<group>"; };
		B363F3F821399CB9001935EF /* BlueToothPeripheralTableViewCell.swift */ = {isa = PBXFileReference; lastKnownFileType = sourcecode.swift; path = BlueToothPeripheralTableViewCell.swift; sourceTree = "<group>"; };
		B363F3FA2139A44B001935EF /* ConnectedBlueToothViewController.swift */ = {isa = PBXFileReference; lastKnownFileType = sourcecode.swift; name = ConnectedBlueToothViewController.swift; path = BlueToothProject/ConnectedBlueToothViewController.swift; sourceTree = SOURCE_ROOT; };
		B3660922212701BC0046846E /* BlueToothProject.app */ = {isa = PBXFileReference; explicitFileType = wrapper.application; includeInIndex = 0; path = BlueToothProject.app; sourceTree = BUILT_PRODUCTS_DIR; };
		B3660925212701BC0046846E /* AppDelegate.swift */ = {isa = PBXFileReference; lastKnownFileType = sourcecode.swift; path = AppDelegate.swift; sourceTree = "<group>"; };
		B3660927212701BC0046846E /* BlueToothSearchingTableViewController.swift */ = {isa = PBXFileReference; lastKnownFileType = sourcecode.swift; path = BlueToothSearchingTableViewController.swift; sourceTree = "<group>"; };
		B366092A212701BC0046846E /* Base */ = {isa = PBXFileReference; lastKnownFileType = file.storyboard; name = Base; path = Base.lproj/Main.storyboard; sourceTree = "<group>"; };
		B366092C212701BE0046846E /* Assets.xcassets */ = {isa = PBXFileReference; lastKnownFileType = folder.assetcatalog; path = Assets.xcassets; sourceTree = "<group>"; };
		B366092F212701BE0046846E /* Base */ = {isa = PBXFileReference; lastKnownFileType = file.storyboard; name = Base; path = Base.lproj/LaunchScreen.storyboard; sourceTree = "<group>"; };
		B3660931212701BE0046846E /* Info.plist */ = {isa = PBXFileReference; lastKnownFileType = text.plist.xml; path = Info.plist; sourceTree = "<group>"; };
		B3660936212701BE0046846E /* BlueToothProjectTests.xctest */ = {isa = PBXFileReference; explicitFileType = wrapper.cfbundle; includeInIndex = 0; path = BlueToothProjectTests.xctest; sourceTree = BUILT_PRODUCTS_DIR; };
		B366093A212701BE0046846E /* BlueToothProjectTests.swift */ = {isa = PBXFileReference; lastKnownFileType = sourcecode.swift; path = BlueToothProjectTests.swift; sourceTree = "<group>"; };
		B366093C212701BE0046846E /* Info.plist */ = {isa = PBXFileReference; lastKnownFileType = text.plist.xml; path = Info.plist; sourceTree = "<group>"; };
		B3660941212701BE0046846E /* BlueToothProjectUITests.xctest */ = {isa = PBXFileReference; explicitFileType = wrapper.cfbundle; includeInIndex = 0; path = BlueToothProjectUITests.xctest; sourceTree = BUILT_PRODUCTS_DIR; };
		B3660945212701BE0046846E /* BlueToothProjectUITests.swift */ = {isa = PBXFileReference; lastKnownFileType = sourcecode.swift; path = BlueToothProjectUITests.swift; sourceTree = "<group>"; };
		B3660947212701BE0046846E /* Info.plist */ = {isa = PBXFileReference; lastKnownFileType = text.plist.xml; path = Info.plist; sourceTree = "<group>"; };
		B3B7D62F213999EB004BFF49 /* GoogleService-Info.plist */ = {isa = PBXFileReference; fileEncoding = 4; lastKnownFileType = text.plist.xml; path = "GoogleService-Info.plist"; sourceTree = "<group>"; };
		BD92EEC2F4956F55496A2ED9 /* Pods_BlueToothProject.framework */ = {isa = PBXFileReference; explicitFileType = wrapper.framework; includeInIndex = 0; path = Pods_BlueToothProject.framework; sourceTree = BUILT_PRODUCTS_DIR; };
		C2C48BD28B77F1E9A3698414 /* Pods-BlueToothProject.debug.xcconfig */ = {isa = PBXFileReference; includeInIndex = 1; lastKnownFileType = text.xcconfig; name = "Pods-BlueToothProject.debug.xcconfig"; path = "Pods/Target Support Files/Pods-BlueToothProject/Pods-BlueToothProject.debug.xcconfig"; sourceTree = "<group>"; };
		C97D051965973EDF20AAE79F /* Pods-BlueToothProjectUITests.debug.xcconfig */ = {isa = PBXFileReference; includeInIndex = 1; lastKnownFileType = text.xcconfig; name = "Pods-BlueToothProjectUITests.debug.xcconfig"; path = "Pods/Target Support Files/Pods-BlueToothProjectUITests/Pods-BlueToothProjectUITests.debug.xcconfig"; sourceTree = "<group>"; };
		E01DDEFCB8632039BB2B3022 /* Pods-BlueToothProjectTests.debug.xcconfig */ = {isa = PBXFileReference; includeInIndex = 1; lastKnownFileType = text.xcconfig; name = "Pods-BlueToothProjectTests.debug.xcconfig"; path = "Pods/Target Support Files/Pods-BlueToothProjectTests/Pods-BlueToothProjectTests.debug.xcconfig"; sourceTree = "<group>"; };
/* End PBXFileReference section */

/* Begin PBXFrameworksBuildPhase section */
		B366091F212701BC0046846E /* Frameworks */ = {
			isa = PBXFrameworksBuildPhase;
			buildActionMask = 2147483647;
			files = (
				BD6CF631A7D3CB2A3A5ECDC8 /* Pods_BlueToothProject.framework in Frameworks */,
			);
			runOnlyForDeploymentPostprocessing = 0;
		};
		B3660933212701BE0046846E /* Frameworks */ = {
			isa = PBXFrameworksBuildPhase;
			buildActionMask = 2147483647;
			files = (
				C65E540CF5CE244F58123B85 /* Pods_BlueToothProjectTests.framework in Frameworks */,
			);
			runOnlyForDeploymentPostprocessing = 0;
		};
		B366093E212701BE0046846E /* Frameworks */ = {
			isa = PBXFrameworksBuildPhase;
			buildActionMask = 2147483647;
			files = (
				221A6D6E948EF1AA68D60ADE /* Pods_BlueToothProjectUITests.framework in Frameworks */,
			);
			runOnlyForDeploymentPostprocessing = 0;
		};
/* End PBXFrameworksBuildPhase section */

/* Begin PBXGroup section */
		9B82EE88615A09EF4A307DAA /* Frameworks */ = {
			isa = PBXGroup;
			children = (
				BD92EEC2F4956F55496A2ED9 /* Pods_BlueToothProject.framework */,
				37F613700414B667969E0633 /* Pods_BlueToothProjectTests.framework */,
				399230C4C17A6F9ABA31DA81 /* Pods_BlueToothProjectUITests.framework */,
			);
			name = Frameworks;
			sourceTree = "<group>";
		};
		B32B32F4217AC9BF0049633D /* Animation */ = {
			isa = PBXGroup;
			children = (
				B32B3304217ACBCF0049633D /* helper */,
				B32B32FD217ACBB50049633D /* core */,
			);
			path = Animation;
			sourceTree = "<group>";
		};
		B32B32FD217ACBB50049633D /* core */ = {
			isa = PBXGroup;
			children = (
				B32B3300217ACBBF0049633D /* AJDotLoadingView.swift */,
				B32B32FF217ACBBF0049633D /* AJDotLoadingView.xib */,
				B32B32FE217ACBBE0049633D /* UIDotLoadingIndicator.swift */,
			);
			path = core;
			sourceTree = "<group>";
		};
		B32B3304217ACBCF0049633D /* helper */ = {
			isa = PBXGroup;
			children = (
			);
			name = helper;
			path = "New Group";
			sourceTree = "<group>";
		};
		B352A9612171D91E00EDF119 /* BlueToothManager */ = {
			isa = PBXGroup;
			children = (
				B352A9622171D93800EDF119 /* BlueToothManager.swift */,
			);
			path = BlueToothManager;
			sourceTree = "<group>";
		};
		B352A9642174BE5F00EDF119 /* SocketManager */ = {
			isa = PBXGroup;
			children = (
				B352A9652174BE7200EDF119 /* SocketManager.swift */,
			);
			path = SocketManager;
			sourceTree = "<group>";
		};
		B3660919212701BC0046846E = {
			isa = PBXGroup;
			children = (
				B3660924212701BC0046846E /* BlueToothProject */,
				B3660939212701BE0046846E /* BlueToothProjectTests */,
				B3660944212701BE0046846E /* BlueToothProjectUITests */,
				B3660923212701BC0046846E /* Products */,
				B6EFF1DA18273AA9387D7DD8 /* Pods */,
				9B82EE88615A09EF4A307DAA /* Frameworks */,
			);
			sourceTree = "<group>";
		};
		B3660923212701BC0046846E /* Products */ = {
			isa = PBXGroup;
			children = (
				B3660922212701BC0046846E /* BlueToothProject.app */,
				B3660936212701BE0046846E /* BlueToothProjectTests.xctest */,
				B3660941212701BE0046846E /* BlueToothProjectUITests.xctest */,
			);
			name = Products;
			sourceTree = "<group>";
		};
		B3660924212701BC0046846E /* BlueToothProject */ = {
			isa = PBXGroup;
			children = (
				B352A9642174BE5F00EDF119 /* SocketManager */,
				B352A9612171D91E00EDF119 /* BlueToothManager */,
				B3B7D62E2139943B004BFF49 /* Model */,
				B3B7D62D21399433004BFF49 /* View */,
				B3B7D62C21399429004BFF49 /* Controller */,
				B3660925212701BC0046846E /* AppDelegate.swift */,
				B3660929212701BC0046846E /* Main.storyboard */,
				B366092C212701BE0046846E /* Assets.xcassets */,
				B366092E212701BE0046846E /* LaunchScreen.storyboard */,
				B3660931212701BE0046846E /* Info.plist */,
				B3B7D62F213999EB004BFF49 /* GoogleService-Info.plist */,
			);
			path = BlueToothProject;
			sourceTree = "<group>";
		};
		B3660939212701BE0046846E /* BlueToothProjectTests */ = {
			isa = PBXGroup;
			children = (
				B366093A212701BE0046846E /* BlueToothProjectTests.swift */,
				B366093C212701BE0046846E /* Info.plist */,
			);
			path = BlueToothProjectTests;
			sourceTree = "<group>";
		};
		B3660944212701BE0046846E /* BlueToothProjectUITests */ = {
			isa = PBXGroup;
			children = (
				B3660945212701BE0046846E /* BlueToothProjectUITests.swift */,
				B3660947212701BE0046846E /* Info.plist */,
			);
			path = BlueToothProjectUITests;
			sourceTree = "<group>";
		};
		B3B7D62C21399429004BFF49 /* Controller */ = {
			isa = PBXGroup;
			children = (
				B32B3305217ACBDA0049633D /* UIViewHelper.swift */,
				B3660927212701BC0046846E /* BlueToothSearchingTableViewController.swift */,
				B32B32F9217ACA470049633D /* BlueToothConnectingViewController.swift */,
				B363F3FA2139A44B001935EF /* ConnectedBlueToothViewController.swift */,
				B352A967217561AF00EDF119 /* LoginViewController.swift */,
				B32B32EC2179EAA10049633D /* ChatViewController.swift */,
				B32B32E42179E9970049633D /* ChatListTableViewController.swift */,
				B352A9692175689000EDF119 /* MainTabBarController.swift */,
			);
			path = Controller;
			sourceTree = "<group>";
		};
		B3B7D62D21399433004BFF49 /* View */ = {
			isa = PBXGroup;
			children = (
				B32B32F4217AC9BF0049633D /* Animation */,
				B32B32EA2179EA6E0049633D /* ChatBubbleCollectionViewCell.swift */,
				B32B32E82179EA0E0049633D /* ChatListTableViewCell.swift */,
				B363F3F821399CB9001935EF /* BlueToothPeripheralTableViewCell.swift */,
			);
			path = View;
			sourceTree = "<group>";
		};
		B3B7D62E2139943B004BFF49 /* Model */ = {
			isa = PBXGroup;
			children = (
				B32B32E62179E9F30049633D /* ChatRoom.swift */,
			);
			path = Model;
			sourceTree = "<group>";
		};
		B6EFF1DA18273AA9387D7DD8 /* Pods */ = {
			isa = PBXGroup;
			children = (
				C2C48BD28B77F1E9A3698414 /* Pods-BlueToothProject.debug.xcconfig */,
				0A7BCEA3E88EF632E285CB1C /* Pods-BlueToothProject.release.xcconfig */,
				E01DDEFCB8632039BB2B3022 /* Pods-BlueToothProjectTests.debug.xcconfig */,
				71E926968EE4FDEEE90E2034 /* Pods-BlueToothProjectTests.release.xcconfig */,
				C97D051965973EDF20AAE79F /* Pods-BlueToothProjectUITests.debug.xcconfig */,
				60951A1E19AE18F9BD2E8C54 /* Pods-BlueToothProjectUITests.release.xcconfig */,
			);
			name = Pods;
			sourceTree = "<group>";
		};
/* End PBXGroup section */

/* Begin PBXNativeTarget section */
		B3660921212701BC0046846E /* BlueToothProject */ = {
			isa = PBXNativeTarget;
			buildConfigurationList = B366094A212701BE0046846E /* Build configuration list for PBXNativeTarget "BlueToothProject" */;
			buildPhases = (
				210695892DB275B9DC63C0ED /* [CP] Check Pods Manifest.lock */,
				B366091E212701BC0046846E /* Sources */,
				B366091F212701BC0046846E /* Frameworks */,
				B3660920212701BC0046846E /* Resources */,
				AB0A224DD0EDCFF1F2ACA4E8 /* [CP] Embed Pods Frameworks */,
			);
			buildRules = (
			);
			dependencies = (
			);
			name = BlueToothProject;
			productName = BlueToothProject;
			productReference = B3660922212701BC0046846E /* BlueToothProject.app */;
			productType = "com.apple.product-type.application";
		};
		B3660935212701BE0046846E /* BlueToothProjectTests */ = {
			isa = PBXNativeTarget;
			buildConfigurationList = B366094D212701BE0046846E /* Build configuration list for PBXNativeTarget "BlueToothProjectTests" */;
			buildPhases = (
				6B4556A8E500CBC6B692BA5A /* [CP] Check Pods Manifest.lock */,
				B3660932212701BE0046846E /* Sources */,
				B3660933212701BE0046846E /* Frameworks */,
				B3660934212701BE0046846E /* Resources */,
			);
			buildRules = (
			);
			dependencies = (
				B3660938212701BE0046846E /* PBXTargetDependency */,
			);
			name = BlueToothProjectTests;
			productName = BlueToothProjectTests;
			productReference = B3660936212701BE0046846E /* BlueToothProjectTests.xctest */;
			productType = "com.apple.product-type.bundle.unit-test";
		};
		B3660940212701BE0046846E /* BlueToothProjectUITests */ = {
			isa = PBXNativeTarget;
			buildConfigurationList = B3660950212701BE0046846E /* Build configuration list for PBXNativeTarget "BlueToothProjectUITests" */;
			buildPhases = (
				EB357E4A2096C0C58BD31CBA /* [CP] Check Pods Manifest.lock */,
				B366093D212701BE0046846E /* Sources */,
				B366093E212701BE0046846E /* Frameworks */,
				B366093F212701BE0046846E /* Resources */,
			);
			buildRules = (
			);
			dependencies = (
				B3660943212701BE0046846E /* PBXTargetDependency */,
			);
			name = BlueToothProjectUITests;
			productName = BlueToothProjectUITests;
			productReference = B3660941212701BE0046846E /* BlueToothProjectUITests.xctest */;
			productType = "com.apple.product-type.bundle.ui-testing";
		};
/* End PBXNativeTarget section */

/* Begin PBXProject section */
		B366091A212701BC0046846E /* Project object */ = {
			isa = PBXProject;
			attributes = {
				LastSwiftUpdateCheck = 0940;
				LastUpgradeCheck = 0940;
				ORGANIZATIONNAME = "고상범";
				TargetAttributes = {
					B3660921212701BC0046846E = {
						CreatedOnToolsVersion = 9.4.1;
					};
					B3660935212701BE0046846E = {
						CreatedOnToolsVersion = 9.4.1;
						TestTargetID = B3660921212701BC0046846E;
					};
					B3660940212701BE0046846E = {
						CreatedOnToolsVersion = 9.4.1;
						TestTargetID = B3660921212701BC0046846E;
					};
				};
			};
			buildConfigurationList = B366091D212701BC0046846E /* Build configuration list for PBXProject "BlueToothProject" */;
			compatibilityVersion = "Xcode 9.3";
			developmentRegion = en;
			hasScannedForEncodings = 0;
			knownRegions = (
				en,
				Base,
			);
			mainGroup = B3660919212701BC0046846E;
			productRefGroup = B3660923212701BC0046846E /* Products */;
			projectDirPath = "";
			projectRoot = "";
			targets = (
				B3660921212701BC0046846E /* BlueToothProject */,
				B3660935212701BE0046846E /* BlueToothProjectTests */,
				B3660940212701BE0046846E /* BlueToothProjectUITests */,
			);
		};
/* End PBXProject section */

/* Begin PBXResourcesBuildPhase section */
		B3660920212701BC0046846E /* Resources */ = {
			isa = PBXResourcesBuildPhase;
			buildActionMask = 2147483647;
			files = (
				B3660930212701BE0046846E /* LaunchScreen.storyboard in Resources */,
				B3B7D630213999EB004BFF49 /* GoogleService-Info.plist in Resources */,
				B366092D212701BE0046846E /* Assets.xcassets in Resources */,
				B32B3302217ACBBF0049633D /* AJDotLoadingView.xib in Resources */,
				B366092B212701BC0046846E /* Main.storyboard in Resources */,
			);
			runOnlyForDeploymentPostprocessing = 0;
		};
		B3660934212701BE0046846E /* Resources */ = {
			isa = PBXResourcesBuildPhase;
			buildActionMask = 2147483647;
			files = (
			);
			runOnlyForDeploymentPostprocessing = 0;
		};
		B366093F212701BE0046846E /* Resources */ = {
			isa = PBXResourcesBuildPhase;
			buildActionMask = 2147483647;
			files = (
			);
			runOnlyForDeploymentPostprocessing = 0;
		};
/* End PBXResourcesBuildPhase section */

/* Begin PBXShellScriptBuildPhase section */
		210695892DB275B9DC63C0ED /* [CP] Check Pods Manifest.lock */ = {
			isa = PBXShellScriptBuildPhase;
			buildActionMask = 2147483647;
			files = (
			);
			inputPaths = (
				"${PODS_PODFILE_DIR_PATH}/Podfile.lock",
				"${PODS_ROOT}/Manifest.lock",
			);
			name = "[CP] Check Pods Manifest.lock";
			outputPaths = (
				"$(DERIVED_FILE_DIR)/Pods-BlueToothProject-checkManifestLockResult.txt",
			);
			runOnlyForDeploymentPostprocessing = 0;
			shellPath = /bin/sh;
			shellScript = "diff \"${PODS_PODFILE_DIR_PATH}/Podfile.lock\" \"${PODS_ROOT}/Manifest.lock\" > /dev/null\nif [ $? != 0 ] ; then\n    # print error to STDERR\n    echo \"error: The sandbox is not in sync with the Podfile.lock. Run 'pod install' or update your CocoaPods installation.\" >&2\n    exit 1\nfi\n# This output is used by Xcode 'outputs' to avoid re-running this script phase.\necho \"SUCCESS\" > \"${SCRIPT_OUTPUT_FILE_0}\"\n";
			showEnvVarsInLog = 0;
		};
		6B4556A8E500CBC6B692BA5A /* [CP] Check Pods Manifest.lock */ = {
			isa = PBXShellScriptBuildPhase;
			buildActionMask = 2147483647;
			files = (
			);
			inputPaths = (
				"${PODS_PODFILE_DIR_PATH}/Podfile.lock",
				"${PODS_ROOT}/Manifest.lock",
			);
			name = "[CP] Check Pods Manifest.lock";
			outputPaths = (
				"$(DERIVED_FILE_DIR)/Pods-BlueToothProjectTests-checkManifestLockResult.txt",
			);
			runOnlyForDeploymentPostprocessing = 0;
			shellPath = /bin/sh;
			shellScript = "diff \"${PODS_PODFILE_DIR_PATH}/Podfile.lock\" \"${PODS_ROOT}/Manifest.lock\" > /dev/null\nif [ $? != 0 ] ; then\n    # print error to STDERR\n    echo \"error: The sandbox is not in sync with the Podfile.lock. Run 'pod install' or update your CocoaPods installation.\" >&2\n    exit 1\nfi\n# This output is used by Xcode 'outputs' to avoid re-running this script phase.\necho \"SUCCESS\" > \"${SCRIPT_OUTPUT_FILE_0}\"\n";
			showEnvVarsInLog = 0;
		};
		AB0A224DD0EDCFF1F2ACA4E8 /* [CP] Embed Pods Frameworks */ = {
			isa = PBXShellScriptBuildPhase;
			buildActionMask = 2147483647;
			files = (
			);
			inputPaths = (
				"${SRCROOT}/Pods/Target Support Files/Pods-BlueToothProject/Pods-BlueToothProject-frameworks.sh",
				"${BUILT_PRODUCTS_DIR}/CryptoSwift/CryptoSwift.framework",
				"${BUILT_PRODUCTS_DIR}/GoogleToolboxForMac/GoogleToolboxForMac.framework",
				"${BUILT_PRODUCTS_DIR}/PusherSwift/PusherSwift.framework",
				"${BUILT_PRODUCTS_DIR}/ReachabilitySwift/Reachability.framework",
				"${BUILT_PRODUCTS_DIR}/Socket.IO-Client-Swift/SocketIO.framework",
				"${BUILT_PRODUCTS_DIR}/Starscream/Starscream.framework",
				"${BUILT_PRODUCTS_DIR}/TaskQueue/TaskQueue.framework",
				"${BUILT_PRODUCTS_DIR}/nanopb/nanopb.framework",
			);
			name = "[CP] Embed Pods Frameworks";
			outputPaths = (
				"${TARGET_BUILD_DIR}/${FRAMEWORKS_FOLDER_PATH}/CryptoSwift.framework",
				"${TARGET_BUILD_DIR}/${FRAMEWORKS_FOLDER_PATH}/GoogleToolboxForMac.framework",
				"${TARGET_BUILD_DIR}/${FRAMEWORKS_FOLDER_PATH}/PusherSwift.framework",
				"${TARGET_BUILD_DIR}/${FRAMEWORKS_FOLDER_PATH}/Reachability.framework",
				"${TARGET_BUILD_DIR}/${FRAMEWORKS_FOLDER_PATH}/SocketIO.framework",
				"${TARGET_BUILD_DIR}/${FRAMEWORKS_FOLDER_PATH}/Starscream.framework",
				"${TARGET_BUILD_DIR}/${FRAMEWORKS_FOLDER_PATH}/TaskQueue.framework",
				"${TARGET_BUILD_DIR}/${FRAMEWORKS_FOLDER_PATH}/nanopb.framework",
			);
			runOnlyForDeploymentPostprocessing = 0;
			shellPath = /bin/sh;
			shellScript = "\"${SRCROOT}/Pods/Target Support Files/Pods-BlueToothProject/Pods-BlueToothProject-frameworks.sh\"\n";
			showEnvVarsInLog = 0;
		};
		EB357E4A2096C0C58BD31CBA /* [CP] Check Pods Manifest.lock */ = {
			isa = PBXShellScriptBuildPhase;
			buildActionMask = 2147483647;
			files = (
			);
			inputPaths = (
				"${PODS_PODFILE_DIR_PATH}/Podfile.lock",
				"${PODS_ROOT}/Manifest.lock",
			);
			name = "[CP] Check Pods Manifest.lock";
			outputPaths = (
				"$(DERIVED_FILE_DIR)/Pods-BlueToothProjectUITests-checkManifestLockResult.txt",
			);
			runOnlyForDeploymentPostprocessing = 0;
			shellPath = /bin/sh;
			shellScript = "diff \"${PODS_PODFILE_DIR_PATH}/Podfile.lock\" \"${PODS_ROOT}/Manifest.lock\" > /dev/null\nif [ $? != 0 ] ; then\n    # print error to STDERR\n    echo \"error: The sandbox is not in sync with the Podfile.lock. Run 'pod install' or update your CocoaPods installation.\" >&2\n    exit 1\nfi\n# This output is used by Xcode 'outputs' to avoid re-running this script phase.\necho \"SUCCESS\" > \"${SCRIPT_OUTPUT_FILE_0}\"\n";
			showEnvVarsInLog = 0;
		};
/* End PBXShellScriptBuildPhase section */

/* Begin PBXSourcesBuildPhase section */
		B366091E212701BC0046846E /* Sources */ = {
			isa = PBXSourcesBuildPhase;
			buildActionMask = 2147483647;
			files = (
				B352A968217561AF00EDF119 /* LoginViewController.swift in Sources */,
				B32B32E52179E9970049633D /* ChatListTableViewController.swift in Sources */,
				B363F3F921399CB9001935EF /* BlueToothPeripheralTableViewCell.swift in Sources */,
				B352A96A2175689000EDF119 /* MainTabBarController.swift in Sources */,
				B352A9632171D93800EDF119 /* BlueToothManager.swift in Sources */,
				B32B3301217ACBBF0049633D /* UIDotLoadingIndicator.swift in Sources */,
				B363F3FB2139A44B001935EF /* ConnectedBlueToothViewController.swift in Sources */,
				B3660928212701BC0046846E /* BlueToothSearchingTableViewController.swift in Sources */,
				B352A9662174BE7200EDF119 /* SocketManager.swift in Sources */,
				B32B32EB2179EA6E0049633D /* ChatBubbleCollectionViewCell.swift in Sources */,
				B32B32ED2179EAA10049633D /* ChatViewController.swift in Sources */,
				B32B32E72179E9F30049633D /* ChatRoom.swift in Sources */,
				B32B32E92179EA0E0049633D /* ChatListTableViewCell.swift in Sources */,
				B32B3306217ACBDA0049633D /* UIViewHelper.swift in Sources */,
				B32B3303217ACBBF0049633D /* AJDotLoadingView.swift in Sources */,
				B3660926212701BC0046846E /* AppDelegate.swift in Sources */,
				B32B32FA217ACA470049633D /* BlueToothConnectingViewController.swift in Sources */,
			);
			runOnlyForDeploymentPostprocessing = 0;
		};
		B3660932212701BE0046846E /* Sources */ = {
			isa = PBXSourcesBuildPhase;
			buildActionMask = 2147483647;
			files = (
				B366093B212701BE0046846E /* BlueToothProjectTests.swift in Sources */,
			);
			runOnlyForDeploymentPostprocessing = 0;
		};
		B366093D212701BE0046846E /* Sources */ = {
			isa = PBXSourcesBuildPhase;
			buildActionMask = 2147483647;
			files = (
				B3660946212701BE0046846E /* BlueToothProjectUITests.swift in Sources */,
			);
			runOnlyForDeploymentPostprocessing = 0;
		};
/* End PBXSourcesBuildPhase section */

/* Begin PBXTargetDependency section */
		B3660938212701BE0046846E /* PBXTargetDependency */ = {
			isa = PBXTargetDependency;
			target = B3660921212701BC0046846E /* BlueToothProject */;
			targetProxy = B3660937212701BE0046846E /* PBXContainerItemProxy */;
		};
		B3660943212701BE0046846E /* PBXTargetDependency */ = {
			isa = PBXTargetDependency;
			target = B3660921212701BC0046846E /* BlueToothProject */;
			targetProxy = B3660942212701BE0046846E /* PBXContainerItemProxy */;
		};
/* End PBXTargetDependency section */

/* Begin PBXVariantGroup section */
		B3660929212701BC0046846E /* Main.storyboard */ = {
			isa = PBXVariantGroup;
			children = (
				B366092A212701BC0046846E /* Base */,
			);
			name = Main.storyboard;
			sourceTree = "<group>";
		};
		B366092E212701BE0046846E /* LaunchScreen.storyboard */ = {
			isa = PBXVariantGroup;
			children = (
				B366092F212701BE0046846E /* Base */,
			);
			name = LaunchScreen.storyboard;
			sourceTree = "<group>";
		};
/* End PBXVariantGroup section */

/* Begin XCBuildConfiguration section */
		B3660948212701BE0046846E /* Debug */ = {
			isa = XCBuildConfiguration;
			buildSettings = {
				ALWAYS_SEARCH_USER_PATHS = NO;
				CLANG_ANALYZER_NONNULL = YES;
				CLANG_ANALYZER_NUMBER_OBJECT_CONVERSION = YES_AGGRESSIVE;
				CLANG_CXX_LANGUAGE_STANDARD = "gnu++14";
				CLANG_CXX_LIBRARY = "libc++";
				CLANG_ENABLE_MODULES = YES;
				CLANG_ENABLE_OBJC_ARC = YES;
				CLANG_ENABLE_OBJC_WEAK = YES;
				CLANG_WARN_BLOCK_CAPTURE_AUTORELEASING = YES;
				CLANG_WARN_BOOL_CONVERSION = YES;
				CLANG_WARN_COMMA = YES;
				CLANG_WARN_CONSTANT_CONVERSION = YES;
				CLANG_WARN_DEPRECATED_OBJC_IMPLEMENTATIONS = YES;
				CLANG_WARN_DIRECT_OBJC_ISA_USAGE = YES_ERROR;
				CLANG_WARN_DOCUMENTATION_COMMENTS = YES;
				CLANG_WARN_EMPTY_BODY = YES;
				CLANG_WARN_ENUM_CONVERSION = YES;
				CLANG_WARN_INFINITE_RECURSION = YES;
				CLANG_WARN_INT_CONVERSION = YES;
				CLANG_WARN_NON_LITERAL_NULL_CONVERSION = YES;
				CLANG_WARN_OBJC_IMPLICIT_RETAIN_SELF = YES;
				CLANG_WARN_OBJC_LITERAL_CONVERSION = YES;
				CLANG_WARN_OBJC_ROOT_CLASS = YES_ERROR;
				CLANG_WARN_RANGE_LOOP_ANALYSIS = YES;
				CLANG_WARN_STRICT_PROTOTYPES = YES;
				CLANG_WARN_SUSPICIOUS_MOVE = YES;
				CLANG_WARN_UNGUARDED_AVAILABILITY = YES_AGGRESSIVE;
				CLANG_WARN_UNREACHABLE_CODE = YES;
				CLANG_WARN__DUPLICATE_METHOD_MATCH = YES;
				CODE_SIGN_IDENTITY = "iPhone Developer";
				COPY_PHASE_STRIP = NO;
				DEBUG_INFORMATION_FORMAT = dwarf;
				ENABLE_STRICT_OBJC_MSGSEND = YES;
				ENABLE_TESTABILITY = YES;
				GCC_C_LANGUAGE_STANDARD = gnu11;
				GCC_DYNAMIC_NO_PIC = NO;
				GCC_NO_COMMON_BLOCKS = YES;
				GCC_OPTIMIZATION_LEVEL = 0;
				GCC_PREPROCESSOR_DEFINITIONS = (
					"DEBUG=1",
					"$(inherited)",
				);
				GCC_WARN_64_TO_32_BIT_CONVERSION = YES;
				GCC_WARN_ABOUT_RETURN_TYPE = YES_ERROR;
				GCC_WARN_UNDECLARED_SELECTOR = YES;
				GCC_WARN_UNINITIALIZED_AUTOS = YES_AGGRESSIVE;
				GCC_WARN_UNUSED_FUNCTION = YES;
				GCC_WARN_UNUSED_VARIABLE = YES;
				IPHONEOS_DEPLOYMENT_TARGET = 11.4;
				MTL_ENABLE_DEBUG_INFO = YES;
				ONLY_ACTIVE_ARCH = YES;
				SDKROOT = iphoneos;
				SWIFT_ACTIVE_COMPILATION_CONDITIONS = DEBUG;
				SWIFT_OPTIMIZATION_LEVEL = "-Onone";
			};
			name = Debug;
		};
		B3660949212701BE0046846E /* Release */ = {
			isa = XCBuildConfiguration;
			buildSettings = {
				ALWAYS_SEARCH_USER_PATHS = NO;
				CLANG_ANALYZER_NONNULL = YES;
				CLANG_ANALYZER_NUMBER_OBJECT_CONVERSION = YES_AGGRESSIVE;
				CLANG_CXX_LANGUAGE_STANDARD = "gnu++14";
				CLANG_CXX_LIBRARY = "libc++";
				CLANG_ENABLE_MODULES = YES;
				CLANG_ENABLE_OBJC_ARC = YES;
				CLANG_ENABLE_OBJC_WEAK = YES;
				CLANG_WARN_BLOCK_CAPTURE_AUTORELEASING = YES;
				CLANG_WARN_BOOL_CONVERSION = YES;
				CLANG_WARN_COMMA = YES;
				CLANG_WARN_CONSTANT_CONVERSION = YES;
				CLANG_WARN_DEPRECATED_OBJC_IMPLEMENTATIONS = YES;
				CLANG_WARN_DIRECT_OBJC_ISA_USAGE = YES_ERROR;
				CLANG_WARN_DOCUMENTATION_COMMENTS = YES;
				CLANG_WARN_EMPTY_BODY = YES;
				CLANG_WARN_ENUM_CONVERSION = YES;
				CLANG_WARN_INFINITE_RECURSION = YES;
				CLANG_WARN_INT_CONVERSION = YES;
				CLANG_WARN_NON_LITERAL_NULL_CONVERSION = YES;
				CLANG_WARN_OBJC_IMPLICIT_RETAIN_SELF = YES;
				CLANG_WARN_OBJC_LITERAL_CONVERSION = YES;
				CLANG_WARN_OBJC_ROOT_CLASS = YES_ERROR;
				CLANG_WARN_RANGE_LOOP_ANALYSIS = YES;
				CLANG_WARN_STRICT_PROTOTYPES = YES;
				CLANG_WARN_SUSPICIOUS_MOVE = YES;
				CLANG_WARN_UNGUARDED_AVAILABILITY = YES_AGGRESSIVE;
				CLANG_WARN_UNREACHABLE_CODE = YES;
				CLANG_WARN__DUPLICATE_METHOD_MATCH = YES;
				CODE_SIGN_IDENTITY = "iPhone Developer";
				COPY_PHASE_STRIP = NO;
				DEBUG_INFORMATION_FORMAT = "dwarf-with-dsym";
				ENABLE_NS_ASSERTIONS = NO;
				ENABLE_STRICT_OBJC_MSGSEND = YES;
				GCC_C_LANGUAGE_STANDARD = gnu11;
				GCC_NO_COMMON_BLOCKS = YES;
				GCC_WARN_64_TO_32_BIT_CONVERSION = YES;
				GCC_WARN_ABOUT_RETURN_TYPE = YES_ERROR;
				GCC_WARN_UNDECLARED_SELECTOR = YES;
				GCC_WARN_UNINITIALIZED_AUTOS = YES_AGGRESSIVE;
				GCC_WARN_UNUSED_FUNCTION = YES;
				GCC_WARN_UNUSED_VARIABLE = YES;
				IPHONEOS_DEPLOYMENT_TARGET = 11.4;
				MTL_ENABLE_DEBUG_INFO = NO;
				SDKROOT = iphoneos;
				SWIFT_COMPILATION_MODE = wholemodule;
				SWIFT_OPTIMIZATION_LEVEL = "-O";
				VALIDATE_PRODUCT = YES;
			};
			name = Release;
		};
		B366094B212701BE0046846E /* Debug */ = {
			isa = XCBuildConfiguration;
			baseConfigurationReference = C2C48BD28B77F1E9A3698414 /* Pods-BlueToothProject.debug.xcconfig */;
			buildSettings = {
				ASSETCATALOG_COMPILER_APPICON_NAME = AppIcon;
				CODE_SIGN_STYLE = Automatic;
				DEVELOPMENT_TEAM = CMXKRM464P;
				INFOPLIST_FILE = BlueToothProject/Info.plist;
				LD_RUNPATH_SEARCH_PATHS = (
					"$(inherited)",
					"@executable_path/Frameworks",
				);
				PRODUCT_BUNDLE_IDENTIFIER = bumslap.BlueToothProject;
				PRODUCT_NAME = "$(TARGET_NAME)";
				SWIFT_VERSION = 4.0;
				TARGETED_DEVICE_FAMILY = "1,2";
			};
			name = Debug;
		};
		B366094C212701BE0046846E /* Release */ = {
			isa = XCBuildConfiguration;
			baseConfigurationReference = 0A7BCEA3E88EF632E285CB1C /* Pods-BlueToothProject.release.xcconfig */;
			buildSettings = {
				ASSETCATALOG_COMPILER_APPICON_NAME = AppIcon;
				CODE_SIGN_STYLE = Automatic;
				DEVELOPMENT_TEAM = CMXKRM464P;
				INFOPLIST_FILE = BlueToothProject/Info.plist;
				LD_RUNPATH_SEARCH_PATHS = (
					"$(inherited)",
					"@executable_path/Frameworks",
				);
				PRODUCT_BUNDLE_IDENTIFIER = bumslap.BlueToothProject;
				PRODUCT_NAME = "$(TARGET_NAME)";
				SWIFT_VERSION = 4.0;
				TARGETED_DEVICE_FAMILY = "1,2";
			};
			name = Release;
		};
		B366094E212701BE0046846E /* Debug */ = {
			isa = XCBuildConfiguration;
			baseConfigurationReference = E01DDEFCB8632039BB2B3022 /* Pods-BlueToothProjectTests.debug.xcconfig */;
			buildSettings = {
				ALWAYS_EMBED_SWIFT_STANDARD_LIBRARIES = YES;
				BUNDLE_LOADER = "$(TEST_HOST)";
				CODE_SIGN_STYLE = Automatic;
				DEVELOPMENT_TEAM = CMXKRM464P;
				INFOPLIST_FILE = BlueToothProjectTests/Info.plist;
				LD_RUNPATH_SEARCH_PATHS = (
					"$(inherited)",
					"@executable_path/Frameworks",
					"@loader_path/Frameworks",
				);
				PRODUCT_BUNDLE_IDENTIFIER = bumslap.BlueToothProjectTests;
				PRODUCT_NAME = "$(TARGET_NAME)";
				SWIFT_VERSION = 4.0;
				TARGETED_DEVICE_FAMILY = "1,2";
				TEST_HOST = "$(BUILT_PRODUCTS_DIR)/BlueToothProject.app/BlueToothProject";
			};
			name = Debug;
		};
		B366094F212701BE0046846E /* Release */ = {
			isa = XCBuildConfiguration;
			baseConfigurationReference = 71E926968EE4FDEEE90E2034 /* Pods-BlueToothProjectTests.release.xcconfig */;
			buildSettings = {
				ALWAYS_EMBED_SWIFT_STANDARD_LIBRARIES = YES;
				BUNDLE_LOADER = "$(TEST_HOST)";
				CODE_SIGN_STYLE = Automatic;
				DEVELOPMENT_TEAM = CMXKRM464P;
				INFOPLIST_FILE = BlueToothProjectTests/Info.plist;
				LD_RUNPATH_SEARCH_PATHS = (
					"$(inherited)",
					"@executable_path/Frameworks",
					"@loader_path/Frameworks",
				);
				PRODUCT_BUNDLE_IDENTIFIER = bumslap.BlueToothProjectTests;
				PRODUCT_NAME = "$(TARGET_NAME)";
				SWIFT_VERSION = 4.0;
				TARGETED_DEVICE_FAMILY = "1,2";
				TEST_HOST = "$(BUILT_PRODUCTS_DIR)/BlueToothProject.app/BlueToothProject";
			};
			name = Release;
		};
		B3660951212701BE0046846E /* Debug */ = {
			isa = XCBuildConfiguration;
			baseConfigurationReference = C97D051965973EDF20AAE79F /* Pods-BlueToothProjectUITests.debug.xcconfig */;
			buildSettings = {
				ALWAYS_EMBED_SWIFT_STANDARD_LIBRARIES = YES;
				CODE_SIGN_STYLE = Automatic;
				DEVELOPMENT_TEAM = CMXKRM464P;
				INFOPLIST_FILE = BlueToothProjectUITests/Info.plist;
				LD_RUNPATH_SEARCH_PATHS = (
					"$(inherited)",
					"@executable_path/Frameworks",
					"@loader_path/Frameworks",
				);
				PRODUCT_BUNDLE_IDENTIFIER = bumslap.BlueToothProjectUITests;
				PRODUCT_NAME = "$(TARGET_NAME)";
				SWIFT_VERSION = 4.0;
				TARGETED_DEVICE_FAMILY = "1,2";
				TEST_TARGET_NAME = BlueToothProject;
			};
			name = Debug;
		};
		B3660952212701BE0046846E /* Release */ = {
			isa = XCBuildConfiguration;
			baseConfigurationReference = 60951A1E19AE18F9BD2E8C54 /* Pods-BlueToothProjectUITests.release.xcconfig */;
			buildSettings = {
				ALWAYS_EMBED_SWIFT_STANDARD_LIBRARIES = YES;
				CODE_SIGN_STYLE = Automatic;
				DEVELOPMENT_TEAM = CMXKRM464P;
				INFOPLIST_FILE = BlueToothProjectUITests/Info.plist;
				LD_RUNPATH_SEARCH_PATHS = (
					"$(inherited)",
					"@executable_path/Frameworks",
					"@loader_path/Frameworks",
				);
				PRODUCT_BUNDLE_IDENTIFIER = bumslap.BlueToothProjectUITests;
				PRODUCT_NAME = "$(TARGET_NAME)";
				SWIFT_VERSION = 4.0;
				TARGETED_DEVICE_FAMILY = "1,2";
				TEST_TARGET_NAME = BlueToothProject;
			};
			name = Release;
		};
/* End XCBuildConfiguration section */

/* Begin XCConfigurationList section */
		B366091D212701BC0046846E /* Build configuration list for PBXProject "BlueToothProject" */ = {
			isa = XCConfigurationList;
			buildConfigurations = (
				B3660948212701BE0046846E /* Debug */,
				B3660949212701BE0046846E /* Release */,
			);
			defaultConfigurationIsVisible = 0;
			defaultConfigurationName = Release;
		};
		B366094A212701BE0046846E /* Build configuration list for PBXNativeTarget "BlueToothProject" */ = {
			isa = XCConfigurationList;
			buildConfigurations = (
				B366094B212701BE0046846E /* Debug */,
				B366094C212701BE0046846E /* Release */,
			);
			defaultConfigurationIsVisible = 0;
			defaultConfigurationName = Release;
		};
		B366094D212701BE0046846E /* Build configuration list for PBXNativeTarget "BlueToothProjectTests" */ = {
			isa = XCConfigurationList;
			buildConfigurations = (
				B366094E212701BE0046846E /* Debug */,
				B366094F212701BE0046846E /* Release */,
			);
			defaultConfigurationIsVisible = 0;
			defaultConfigurationName = Release;
		};
		B3660950212701BE0046846E /* Build configuration list for PBXNativeTarget "BlueToothProjectUITests" */ = {
			isa = XCConfigurationList;
			buildConfigurations = (
				B3660951212701BE0046846E /* Debug */,
				B3660952212701BE0046846E /* Release */,
			);
			defaultConfigurationIsVisible = 0;
			defaultConfigurationName = Release;
		};
/* End XCConfigurationList section */
	};
	rootObject = B366091A212701BC0046846E /* Project object */;
}
